{
  "name": "sgq",
  "version": "1.0.4",
  "lockfileVersion": 1,
  "dependencies": {
    "graphql": {
      "version": "0.10.3",
      "resolved": "https://registry.npmjs.org/graphql/-/graphql-0.10.3.tgz",
      "integrity": "sha1-wxOv1VGOZzNRvuGPtj4qDkh0B6s="
    },
    "graphql-sync": {
      "version": "0.10.1-sync",
      "resolved": "https://registry.npmjs.org/graphql-sync/-/graphql-sync-0.10.1-sync.tgz",
      "integrity": "sha1-NoYCLWNHQzlD39dvJqYChV4RGx0="
    },
    "iterall": {
      "version": "1.1.1",
      "resolved": "https://registry.npmjs.org/iterall/-/iterall-1.1.1.tgz",
      "integrity": "sha1-9/CvEemgTsZCYmD1AZ2fzKTVAhQ="
    }
  }
}
